
Microsoft Visual Studio Solution File, Format Version 12.00
# Visual Studio Version 17
VisualStudioVersion = 17.3.32804.467
MinimumVisualStudioVersion = 10.0.40219.1
Project("{FAE04EC0-301F-11D3-BF4B-00C04F79EFBC}") = "CsharpInheritance", "CsharpInheritance\CsharpInheritance.csproj", "{F8603B7F-97E4-4238-9A62-86B5FBE6B4EE}"
EndProject
Global
	GlobalSection(SolutionConfigurationPlatforms) = preSolution
		Debug|Any CPU = Debug|Any CPU
		Release|Any CPU = Release|Any CPU
	EndGlobalSection
	GlobalSection(ProjectConfigurationPlatforms) = postSolution
		{F8603B7F-97E4-4238-9A62-86B5FBE6B4EE}.Debug|Any CPU.ActiveCfg = Debug|Any CPU
		{F8603B7F-97E4-4238-9A62-86B5FBE6B4EE}.Debug|Any CPU.Build.0 = Debug|Any CPU
		{F8603B7F-97E4-4238-9A62-86B5FBE6B4EE}.Release|Any CPU.ActiveCfg = Release|Any CPU
		{F8603B7F-97E4-4238-9A62-86B5FBE6B4EE}.Release|Any CPU.Build.0 = Release|Any CPU
	EndGlobalSection
	GlobalSection(SolutionProperties) = preSolution
		HideSolutionNode = FALSE
	EndGlobalSection
	GlobalSection(ExtensibilityGlobals) = postSolution
		SolutionGuid = {6B12DDB3-C59E-42BC-96BC-55DFEE1931C3}
	EndGlobalSection
EndGlobal
